PODS:
  - Alamofire (4.0.1)
  - JASON (3.0)
  - Moya (8.0.0-beta.2):
    - Moya/Core (= 8.0.0-beta.2)
  - Moya-JASONMapper (1.0.0):
    - Moya-JASONMapper/Core (= 1.0.0)
  - Moya-JASONMapper/Core (1.0.0):
    - JASON
    - Moya (= 8.0.0-beta.2)
  - Moya-JASONMapper/ReactiveCocoa (1.0.0):
    - Moya-JASONMapper/Core
    - Moya/ReactiveCocoa
    - ReactiveSwift (= 1.0.0-alpha.2)
  - Moya-JASONMapper/RxSwift (1.0.0):
    - Moya/RxSwift (= 8.0.0-beta.2)
    - RxCocoa (= 3.0.0-beta.1)
    - RxSwift (= 3.0.0-beta.1)
  - Moya/Core (8.0.0-beta.2):
    - Alamofire (~> 4.0.0)
    - Result
  - Moya/ReactiveCocoa (8.0.0-beta.2):
    - Moya/Core
    - ReactiveSwift
  - Moya/RxSwift (8.0.0-beta.2):
    - Moya/Core
    - RxSwift
  - ReactiveSwift (1.0.0-alpha.2):
    - Result (~> 3.0)
  - Result (3.0.0)
  - RxCocoa (3.0.0-beta.1):
    - RxSwift (~> 3.0.0-beta.1)
  - RxSwift (3.0.0-beta.1)

DEPENDENCIES:
  - JASON
  - Moya-JASONMapper (from `../`)
  - Moya-JASONMapper/ReactiveCocoa (from `../`)
  - Moya-JASONMapper/RxSwift (from `../`)

EXTERNAL SOURCES:
  Moya-JASONMapper:
    :path: ../

SPEC CHECKSUMS:
  Alamofire: 7682d43245de14874acd142ec137b144aa1dd335
  JASON: cf4d762e61428a20db8eaef2acb6a569a10c1801
  Moya: 920d40f738e6f4ece84010cec701bb9693be8251
  Moya-JASONMapper: 64140bacf9bd7f5f0e0665e255793f28185f900b
  ReactiveSwift: 967383cc7b58baa05c997965f9a76b7fd796f2a7
  Result: 1b3e431f37cbcd3ad89c6aa9ab0ae55515fae3b6
  RxCocoa: 8cecf331302b8ae5381bbab1bccba4ede2eae6a8
  RxSwift: 0823e8d7969c23bfa9ddfb2afa4881e424a1a710

PODFILE CHECKSUM: cb9ddc1dc1be2447873bfc7e71d052a97eaef207

COCOAPODS: 1.0.1
