PODS:
  - Alamofire (4.5.1)
  - JASON (3.1)
  - Moya (9.0.0):
    - Moya/Core (= 9.0.0)
  - Moya-JASONMapper (2.3.0):
    - Moya-JASONMapper/Core (= 2.3.0)
  - Moya-JASONMapper/Core (2.3.0):
    - JASON
    - Moya
  - Moya-JASONMapper/ReactiveSwift (2.3.0):
    - Moya-JASONMapper/Core
    - Moya/ReactiveSwift
    - ReactiveSwift
  - Moya-JASONMapper/RxSwift (2.3.0):
    - Moya-JASONMapper/Core
    - Moya/RxSwift
    - RxSwift
  - Moya/Core (9.0.0):
    - Alamofire (~> 4.1)
    - Result (~> 3.0)
  - Moya/ReactiveSwift (9.0.0):
    - Moya/Core
    - ReactiveSwift (~> 2.0)
  - Moya/RxSwift (9.0.0):
    - Moya/Core
    - RxSwift (~> 3.3)
  - ReactiveSwift (2.0.1):
    - Result (~> 3.2)
  - Result (3.2.3)
  - RxSwift (3.6.1)

DEPENDENCIES:
  - JASON
  - Moya
  - Moya-JASONMapper (from `../`)
  - Moya-JASONMapper/ReactiveSwift (from `../`)
  - Moya-JASONMapper/RxSwift (from `../`)

EXTERNAL SOURCES:
  Moya-JASONMapper:
    :path: ../

SPEC CHECKSUMS:
  Alamofire: 2d95912bf4c34f164fdfc335872e8c312acaea4a
  JASON: c1204b01c9979eef35b6948ca939aac5e7bef081
  Moya: cf5e6ee93af526532f92614004b8ad2ea60fd845
  Moya-JASONMapper: cd6dffe703efe1cd90caa7785b01d6c8eeb1d14c
  ReactiveSwift: 60a29ff35988a964fd2bb759755cb6594de523fc
  Result: 128640a6347e8d2ae48b142556739a2d13f90ce6
  RxSwift: f9de85ea20cd2f7716ee5409fc13523dc638e4e4

PODFILE CHECKSUM: 0492ac2e3b2c1cf6f0bb92ae8ee9deef8555f180

COCOAPODS: 1.3.1
