// !$*UTF8*$!
{
	archiveVersion = 1;
	classes = {
	};
	objectVersion = 46;
	objects = {

/* Begin PBXBuildFile section */
		4A361387C896170F99D96B0D /* Pods_Moya_JASONMapper_Tests.framework in Frameworks */ = {isa = PBXBuildFile; fileRef = C4BA5E17049F1EE22B1D5A48 /* Pods_Moya_JASONMapper_Tests.framework */; };
		607FACD61AFB9204008FA782 /* AppDelegate.swift in Sources */ = {isa = PBXBuildFile; fileRef = 607FACD51AFB9204008FA782 /* AppDelegate.swift */; };
		607FACD81AFB9204008FA782 /* ViewController.swift in Sources */ = {isa = PBXBuildFile; fileRef = 607FACD71AFB9204008FA782 /* ViewController.swift */; };
		607FACDB1AFB9204008FA782 /* Main.storyboard in Resources */ = {isa = PBXBuildFile; fileRef = 607FACD91AFB9204008FA782 /* Main.storyboard */; };
		607FACDD1AFB9204008FA782 /* Images.xcassets in Resources */ = {isa = PBXBuildFile; fileRef = 607FACDC1AFB9204008FA782 /* Images.xcassets */; };
		607FACE01AFB9204008FA782 /* LaunchScreen.xib in Resources */ = {isa = PBXBuildFile; fileRef = 607FACDE1AFB9204008FA782 /* LaunchScreen.xib */; };
		730500B01D06C6A40066522A /* ExampleAPI.swift in Sources */ = {isa = PBXBuildFile; fileRef = 730500AA1D06C6A40066522A /* ExampleAPI.swift */; };
		730500B11D06C6A40066522A /* GetResponse.swift in Sources */ = {isa = PBXBuildFile; fileRef = 730500AC1D06C6A40066522A /* GetResponse.swift */; };
		730500B21D06C6A40066522A /* array_response.json in Resources */ = {isa = PBXBuildFile; fileRef = 730500AE1D06C6A40066522A /* array_response.json */; };
		730500B31D06C6A40066522A /* object_response.json in Resources */ = {isa = PBXBuildFile; fileRef = 730500AF1D06C6A40066522A /* object_response.json */; };
		730500C11D06CD3E0066522A /* Moya_JASONMapper_Tests.swift in Sources */ = {isa = PBXBuildFile; fileRef = 730500C01D06CD3E0066522A /* Moya_JASONMapper_Tests.swift */; };
		A379D54E914B25834CDF0E90 /* Pods_Moya_JASONMapper_Example.framework in Frameworks */ = {isa = PBXBuildFile; fileRef = 5713B77BE5E157CD142EC0E4 /* Pods_Moya_JASONMapper_Example.framework */; };
/* End PBXBuildFile section */

/* Begin PBXContainerItemProxy section */
		730500C31D06CD3E0066522A /* PBXContainerItemProxy */ = {
			isa = PBXContainerItemProxy;
			containerPortal = 607FACC81AFB9204008FA782 /* Project object */;
			proxyType = 1;
			remoteGlobalIDString = 607FACCF1AFB9204008FA782;
			remoteInfo = "Moya-JASONMapper_Example";
		};
/* End PBXContainerItemProxy section */

/* Begin PBXFileReference section */
		1A0EAF5ED5D3D409C233EABC /* Pods-Moya-JASONMapper_Tests.release.xcconfig */ = {isa = PBXFileReference; includeInIndex = 1; lastKnownFileType = text.xcconfig; name = "Pods-Moya-JASONMapper_Tests.release.xcconfig"; path = "Pods/Target Support Files/Pods-Moya-JASONMapper_Tests/Pods-Moya-JASONMapper_Tests.release.xcconfig"; sourceTree = "<group>"; };
		50E6491EBF593027302B3380 /* README.md */ = {isa = PBXFileReference; includeInIndex = 1; lastKnownFileType = net.daringfireball.markdown; name = README.md; path = ../README.md; sourceTree = "<group>"; };
		5713B77BE5E157CD142EC0E4 /* Pods_Moya_JASONMapper_Example.framework */ = {isa = PBXFileReference; explicitFileType = wrapper.framework; includeInIndex = 0; path = Pods_Moya_JASONMapper_Example.framework; sourceTree = BUILT_PRODUCTS_DIR; };
		607FACD01AFB9204008FA782 /* Moya-JASONMapper_Example.app */ = {isa = PBXFileReference; explicitFileType = wrapper.application; includeInIndex = 0; path = "Moya-JASONMapper_Example.app"; sourceTree = BUILT_PRODUCTS_DIR; };
		607FACD41AFB9204008FA782 /* Info.plist */ = {isa = PBXFileReference; lastKnownFileType = text.plist.xml; path = Info.plist; sourceTree = "<group>"; };
		607FACD51AFB9204008FA782 /* AppDelegate.swift */ = {isa = PBXFileReference; lastKnownFileType = sourcecode.swift; path = AppDelegate.swift; sourceTree = "<group>"; };
		607FACD71AFB9204008FA782 /* ViewController.swift */ = {isa = PBXFileReference; lastKnownFileType = sourcecode.swift; path = ViewController.swift; sourceTree = "<group>"; };
		607FACDA1AFB9204008FA782 /* Base */ = {isa = PBXFileReference; lastKnownFileType = file.storyboard; name = Base; path = Base.lproj/Main.storyboard; sourceTree = "<group>"; };
		607FACDC1AFB9204008FA782 /* Images.xcassets */ = {isa = PBXFileReference; lastKnownFileType = folder.assetcatalog; path = Images.xcassets; sourceTree = "<group>"; };
		607FACDF1AFB9204008FA782 /* Base */ = {isa = PBXFileReference; lastKnownFileType = file.xib; name = Base; path = Base.lproj/LaunchScreen.xib; sourceTree = "<group>"; };
		72DF38832FBBB0F14417586E /* Pods-Moya-JASONMapper_Tests.debug.xcconfig */ = {isa = PBXFileReference; includeInIndex = 1; lastKnownFileType = text.xcconfig; name = "Pods-Moya-JASONMapper_Tests.debug.xcconfig"; path = "Pods/Target Support Files/Pods-Moya-JASONMapper_Tests/Pods-Moya-JASONMapper_Tests.debug.xcconfig"; sourceTree = "<group>"; };
		730500AA1D06C6A40066522A /* ExampleAPI.swift */ = {isa = PBXFileReference; fileEncoding = 4; lastKnownFileType = sourcecode.swift; path = ExampleAPI.swift; sourceTree = "<group>"; };
		730500AC1D06C6A40066522A /* GetResponse.swift */ = {isa = PBXFileReference; fileEncoding = 4; lastKnownFileType = sourcecode.swift; path = GetResponse.swift; sourceTree = "<group>"; };
		730500AE1D06C6A40066522A /* array_response.json */ = {isa = PBXFileReference; fileEncoding = 4; lastKnownFileType = text.json; path = array_response.json; sourceTree = "<group>"; };
		730500AF1D06C6A40066522A /* object_response.json */ = {isa = PBXFileReference; fileEncoding = 4; lastKnownFileType = text.json; path = object_response.json; sourceTree = "<group>"; };
		730500BE1D06CD3E0066522A /* Moya-JASONMapper_Tests.xctest */ = {isa = PBXFileReference; explicitFileType = wrapper.cfbundle; includeInIndex = 0; path = "Moya-JASONMapper_Tests.xctest"; sourceTree = BUILT_PRODUCTS_DIR; };
		730500C01D06CD3E0066522A /* Moya_JASONMapper_Tests.swift */ = {isa = PBXFileReference; lastKnownFileType = sourcecode.swift; path = Moya_JASONMapper_Tests.swift; sourceTree = "<group>"; };
		730500C21D06CD3E0066522A /* Info.plist */ = {isa = PBXFileReference; lastKnownFileType = text.plist.xml; path = Info.plist; sourceTree = "<group>"; };
		857A40ED9F46FD9CA6E66A0A /* Pods-Moya-JASONMapper_Example.debug.xcconfig */ = {isa = PBXFileReference; includeInIndex = 1; lastKnownFileType = text.xcconfig; name = "Pods-Moya-JASONMapper_Example.debug.xcconfig"; path = "Pods/Target Support Files/Pods-Moya-JASONMapper_Example/Pods-Moya-JASONMapper_Example.debug.xcconfig"; sourceTree = "<group>"; };
		8E2B5B6FBF1BB18DEF9A6ED5 /* Pods-Moya-JASONMapper_Example.release.xcconfig */ = {isa = PBXFileReference; includeInIndex = 1; lastKnownFileType = text.xcconfig; name = "Pods-Moya-JASONMapper_Example.release.xcconfig"; path = "Pods/Target Support Files/Pods-Moya-JASONMapper_Example/Pods-Moya-JASONMapper_Example.release.xcconfig"; sourceTree = "<group>"; };
		964E6DF8BCE6E96F9E8C6A8F /* Moya-JASONMapper.podspec */ = {isa = PBXFileReference; includeInIndex = 1; lastKnownFileType = text; name = "Moya-JASONMapper.podspec"; path = "../Moya-JASONMapper.podspec"; sourceTree = "<group>"; };
		99AC48D523EE1CB96F88F9B9 /* LICENSE */ = {isa = PBXFileReference; includeInIndex = 1; lastKnownFileType = text; name = LICENSE; path = ../LICENSE; sourceTree = "<group>"; };
		C4BA5E17049F1EE22B1D5A48 /* Pods_Moya_JASONMapper_Tests.framework */ = {isa = PBXFileReference; explicitFileType = wrapper.framework; includeInIndex = 0; path = Pods_Moya_JASONMapper_Tests.framework; sourceTree = BUILT_PRODUCTS_DIR; };
/* End PBXFileReference section */

/* Begin PBXFrameworksBuildPhase section */
		607FACCD1AFB9204008FA782 /* Frameworks */ = {
			isa = PBXFrameworksBuildPhase;
			buildActionMask = 2147483647;
			files = (
				A379D54E914B25834CDF0E90 /* Pods_Moya_JASONMapper_Example.framework in Frameworks */,
			);
			runOnlyForDeploymentPostprocessing = 0;
		};
		730500BB1D06CD3E0066522A /* Frameworks */ = {
			isa = PBXFrameworksBuildPhase;
			buildActionMask = 2147483647;
			files = (
				4A361387C896170F99D96B0D /* Pods_Moya_JASONMapper_Tests.framework in Frameworks */,
			);
			runOnlyForDeploymentPostprocessing = 0;
		};
/* End PBXFrameworksBuildPhase section */

/* Begin PBXGroup section */
		1F45B5B7D515D56EE2EAE1D2 /* Pods */ = {
			isa = PBXGroup;
			children = (
				857A40ED9F46FD9CA6E66A0A /* Pods-Moya-JASONMapper_Example.debug.xcconfig */,
				8E2B5B6FBF1BB18DEF9A6ED5 /* Pods-Moya-JASONMapper_Example.release.xcconfig */,
				72DF38832FBBB0F14417586E /* Pods-Moya-JASONMapper_Tests.debug.xcconfig */,
				1A0EAF5ED5D3D409C233EABC /* Pods-Moya-JASONMapper_Tests.release.xcconfig */,
			);
			name = Pods;
			sourceTree = "<group>";
		};
		607FACC71AFB9204008FA782 = {
			isa = PBXGroup;
			children = (
				607FACF51AFB993E008FA782 /* Podspec Metadata */,
				607FACD21AFB9204008FA782 /* Example for Moya-JASONMapper */,
				730500BF1D06CD3E0066522A /* Moya-JASONMapper_Tests */,
				607FACD11AFB9204008FA782 /* Products */,
				1F45B5B7D515D56EE2EAE1D2 /* Pods */,
				747C2F79AB88D9304BEDCA97 /* Frameworks */,
			);
			sourceTree = "<group>";
		};
		607FACD11AFB9204008FA782 /* Products */ = {
			isa = PBXGroup;
			children = (
				607FACD01AFB9204008FA782 /* Moya-JASONMapper_Example.app */,
				730500BE1D06CD3E0066522A /* Moya-JASONMapper_Tests.xctest */,
			);
			name = Products;
			sourceTree = "<group>";
		};
		607FACD21AFB9204008FA782 /* Example for Moya-JASONMapper */ = {
			isa = PBXGroup;
			children = (
				730500AB1D06C6A40066522A /* Models */,
				730500AD1D06C6A40066522A /* StubbedResponses */,
				730500AA1D06C6A40066522A /* ExampleAPI.swift */,
				607FACD51AFB9204008FA782 /* AppDelegate.swift */,
				607FACD71AFB9204008FA782 /* ViewController.swift */,
				607FACD91AFB9204008FA782 /* Main.storyboard */,
				607FACDC1AFB9204008FA782 /* Images.xcassets */,
				607FACDE1AFB9204008FA782 /* LaunchScreen.xib */,
				607FACD31AFB9204008FA782 /* Supporting Files */,
			);
			name = "Example for Moya-JASONMapper";
			path = "Moya-JASONMapper";
			sourceTree = "<group>";
		};
		607FACD31AFB9204008FA782 /* Supporting Files */ = {
			isa = PBXGroup;
			children = (
				607FACD41AFB9204008FA782 /* Info.plist */,
			);
			name = "Supporting Files";
			sourceTree = "<group>";
		};
		607FACF51AFB993E008FA782 /* Podspec Metadata */ = {
			isa = PBXGroup;
			children = (
				964E6DF8BCE6E96F9E8C6A8F /* Moya-JASONMapper.podspec */,
				50E6491EBF593027302B3380 /* README.md */,
				99AC48D523EE1CB96F88F9B9 /* LICENSE */,
			);
			name = "Podspec Metadata";
			sourceTree = "<group>";
		};
		730500AB1D06C6A40066522A /* Models */ = {
			isa = PBXGroup;
			children = (
				730500AC1D06C6A40066522A /* GetResponse.swift */,
			);
			path = Models;
			sourceTree = "<group>";
		};
		730500AD1D06C6A40066522A /* StubbedResponses */ = {
			isa = PBXGroup;
			children = (
				730500AE1D06C6A40066522A /* array_response.json */,
				730500AF1D06C6A40066522A /* object_response.json */,
			);
			path = StubbedResponses;
			sourceTree = "<group>";
		};
		730500BF1D06CD3E0066522A /* Moya-JASONMapper_Tests */ = {
			isa = PBXGroup;
			children = (
				730500C01D06CD3E0066522A /* Moya_JASONMapper_Tests.swift */,
				730500C21D06CD3E0066522A /* Info.plist */,
			);
			path = "Moya-JASONMapper_Tests";
			sourceTree = "<group>";
		};
		747C2F79AB88D9304BEDCA97 /* Frameworks */ = {
			isa = PBXGroup;
			children = (
				5713B77BE5E157CD142EC0E4 /* Pods_Moya_JASONMapper_Example.framework */,
				C4BA5E17049F1EE22B1D5A48 /* Pods_Moya_JASONMapper_Tests.framework */,
			);
			name = Frameworks;
			sourceTree = "<group>";
		};
/* End PBXGroup section */

/* Begin PBXNativeTarget section */
		607FACCF1AFB9204008FA782 /* Moya-JASONMapper_Example */ = {
			isa = PBXNativeTarget;
			buildConfigurationList = 607FACEF1AFB9204008FA782 /* Build configuration list for PBXNativeTarget "Moya-JASONMapper_Example" */;
			buildPhases = (
				ED262CA3072A87F4C11690F9 /* [CP] Check Pods Manifest.lock */,
				607FACCC1AFB9204008FA782 /* Sources */,
				607FACCD1AFB9204008FA782 /* Frameworks */,
				607FACCE1AFB9204008FA782 /* Resources */,
				0A8CC4413275734E9369D6E1 /* [CP] Embed Pods Frameworks */,
				3FBFD9E8E14BA10FF0310FDF /* [CP] Copy Pods Resources */,
			);
			buildRules = (
			);
			dependencies = (
			);
			name = "Moya-JASONMapper_Example";
			productName = "Moya-JASONMapper";
			productReference = 607FACD01AFB9204008FA782 /* Moya-JASONMapper_Example.app */;
			productType = "com.apple.product-type.application";
		};
		730500BD1D06CD3E0066522A /* Moya-JASONMapper_Tests */ = {
			isa = PBXNativeTarget;
			buildConfigurationList = 730500C51D06CD3E0066522A /* Build configuration list for PBXNativeTarget "Moya-JASONMapper_Tests" */;
			buildPhases = (
				AB453E6C97BDEEA4E4BD56C6 /* [CP] Check Pods Manifest.lock */,
				730500BA1D06CD3E0066522A /* Sources */,
				730500BB1D06CD3E0066522A /* Frameworks */,
				730500BC1D06CD3E0066522A /* Resources */,
				F7B1458A3597738391519C2A /* [CP] Embed Pods Frameworks */,
				97D24F8E0CC51217269A4CA7 /* [CP] Copy Pods Resources */,
			);
			buildRules = (
			);
			dependencies = (
				730500C41D06CD3E0066522A /* PBXTargetDependency */,
			);
			name = "Moya-JASONMapper_Tests";
			productName = "Moya-JASONMapper_Tests";
			productReference = 730500BE1D06CD3E0066522A /* Moya-JASONMapper_Tests.xctest */;
			productType = "com.apple.product-type.bundle.unit-test";
		};
/* End PBXNativeTarget section */

/* Begin PBXProject section */
		607FACC81AFB9204008FA782 /* Project object */ = {
			isa = PBXProject;
			attributes = {
				LastSwiftUpdateCheck = 0730;
				LastUpgradeCheck = 0800;
				ORGANIZATIONNAME = CocoaPods;
				TargetAttributes = {
					607FACCF1AFB9204008FA782 = {
						CreatedOnToolsVersion = 6.3.1;
						LastSwiftMigration = 0800;
					};
					730500BD1D06CD3E0066522A = {
						CreatedOnToolsVersion = 7.3.1;
						LastSwiftMigration = 0800;
						TestTargetID = 607FACCF1AFB9204008FA782;
					};
				};
			};
			buildConfigurationList = 607FACCB1AFB9204008FA782 /* Build configuration list for PBXProject "Moya-JASONMapper" */;
			compatibilityVersion = "Xcode 3.2";
			developmentRegion = English;
			hasScannedForEncodings = 0;
			knownRegions = (
				en,
				Base,
			);
			mainGroup = 607FACC71AFB9204008FA782;
			productRefGroup = 607FACD11AFB9204008FA782 /* Products */;
			projectDirPath = "";
			projectRoot = "";
			targets = (
				607FACCF1AFB9204008FA782 /* Moya-JASONMapper_Example */,
				730500BD1D06CD3E0066522A /* Moya-JASONMapper_Tests */,
			);
		};
/* End PBXProject section */

/* Begin PBXResourcesBuildPhase section */
		607FACCE1AFB9204008FA782 /* Resources */ = {
			isa = PBXResourcesBuildPhase;
			buildActionMask = 2147483647;
			files = (
				730500B21D06C6A40066522A /* array_response.json in Resources */,
				607FACDB1AFB9204008FA782 /* Main.storyboard in Resources */,
				607FACE01AFB9204008FA782 /* LaunchScreen.xib in Resources */,
				607FACDD1AFB9204008FA782 /* Images.xcassets in Resources */,
				730500B31D06C6A40066522A /* object_response.json in Resources */,
			);
			runOnlyForDeploymentPostprocessing = 0;
		};
		730500BC1D06CD3E0066522A /* Resources */ = {
			isa = PBXResourcesBuildPhase;
			buildActionMask = 2147483647;
			files = (
			);
			runOnlyForDeploymentPostprocessing = 0;
		};
/* End PBXResourcesBuildPhase section */

/* Begin PBXShellScriptBuildPhase section */
		0A8CC4413275734E9369D6E1 /* [CP] Embed Pods Frameworks */ = {
			isa = PBXShellScriptBuildPhase;
			buildActionMask = 2147483647;
			files = (
			);
			inputPaths = (
			);
			name = "[CP] Embed Pods Frameworks";
			outputPaths = (
			);
			runOnlyForDeploymentPostprocessing = 0;
			shellPath = /bin/sh;
			shellScript = "\"${SRCROOT}/Pods/Target Support Files/Pods-Moya-JASONMapper_Example/Pods-Moya-JASONMapper_Example-frameworks.sh\"\n";
			showEnvVarsInLog = 0;
		};
		3FBFD9E8E14BA10FF0310FDF /* [CP] Copy Pods Resources */ = {
			isa = PBXShellScriptBuildPhase;
			buildActionMask = 2147483647;
			files = (
			);
			inputPaths = (
			);
			name = "[CP] Copy Pods Resources";
			outputPaths = (
			);
			runOnlyForDeploymentPostprocessing = 0;
			shellPath = /bin/sh;
			shellScript = "\"${SRCROOT}/Pods/Target Support Files/Pods-Moya-JASONMapper_Example/Pods-Moya-JASONMapper_Example-resources.sh\"\n";
			showEnvVarsInLog = 0;
		};
		97D24F8E0CC51217269A4CA7 /* [CP] Copy Pods Resources */ = {
			isa = PBXShellScriptBuildPhase;
			buildActionMask = 2147483647;
			files = (
			);
			inputPaths = (
			);
			name = "[CP] Copy Pods Resources";
			outputPaths = (
			);
			runOnlyForDeploymentPostprocessing = 0;
			shellPath = /bin/sh;
			shellScript = "\"${SRCROOT}/Pods/Target Support Files/Pods-Moya-JASONMapper_Tests/Pods-Moya-JASONMapper_Tests-resources.sh\"\n";
			showEnvVarsInLog = 0;
		};
		AB453E6C97BDEEA4E4BD56C6 /* [CP] Check Pods Manifest.lock */ = {
			isa = PBXShellScriptBuildPhase;
			buildActionMask = 2147483647;
			files = (
			);
			inputPaths = (
			);
			name = "[CP] Check Pods Manifest.lock";
			outputPaths = (
			);
			runOnlyForDeploymentPostprocessing = 0;
			shellPath = /bin/sh;
			shellScript = "diff \"${PODS_ROOT}/../Podfile.lock\" \"${PODS_ROOT}/Manifest.lock\" > /dev/null\nif [[ $? != 0 ]] ; then\n    cat << EOM\nerror: The sandbox is not in sync with the Podfile.lock. Run 'pod install' or update your CocoaPods installation.\nEOM\n    exit 1\nfi\n";
			showEnvVarsInLog = 0;
		};
		ED262CA3072A87F4C11690F9 /* [CP] Check Pods Manifest.lock */ = {
			isa = PBXShellScriptBuildPhase;
			buildActionMask = 2147483647;
			files = (
			);
			inputPaths = (
			);
			name = "[CP] Check Pods Manifest.lock";
			outputPaths = (
			);
			runOnlyForDeploymentPostprocessing = 0;
			shellPath = /bin/sh;
			shellScript = "diff \"${PODS_ROOT}/../Podfile.lock\" \"${PODS_ROOT}/Manifest.lock\" > /dev/null\nif [[ $? != 0 ]] ; then\n    cat << EOM\nerror: The sandbox is not in sync with the Podfile.lock. Run 'pod install' or update your CocoaPods installation.\nEOM\n    exit 1\nfi\n";
			showEnvVarsInLog = 0;
		};
		F7B1458A3597738391519C2A /* [CP] Embed Pods Frameworks */ = {
			isa = PBXShellScriptBuildPhase;
			buildActionMask = 2147483647;
			files = (
			);
			inputPaths = (
			);
			name = "[CP] Embed Pods Frameworks";
			outputPaths = (
			);
			runOnlyForDeploymentPostprocessing = 0;
			shellPath = /bin/sh;
			shellScript = "\"${SRCROOT}/Pods/Target Support Files/Pods-Moya-JASONMapper_Tests/Pods-Moya-JASONMapper_Tests-frameworks.sh\"\n";
			showEnvVarsInLog = 0;
		};
/* End PBXShellScriptBuildPhase section */

/* Begin PBXSourcesBuildPhase section */
		607FACCC1AFB9204008FA782 /* Sources */ = {
			isa = PBXSourcesBuildPhase;
			buildActionMask = 2147483647;
			files = (
				607FACD81AFB9204008FA782 /* ViewController.swift in Sources */,
				607FACD61AFB9204008FA782 /* AppDelegate.swift in Sources */,
				730500B01D06C6A40066522A /* ExampleAPI.swift in Sources */,
				730500B11D06C6A40066522A /* GetResponse.swift in Sources */,
			);
			runOnlyForDeploymentPostprocessing = 0;
		};
		730500BA1D06CD3E0066522A /* Sources */ = {
			isa = PBXSourcesBuildPhase;
			buildActionMask = 2147483647;
			files = (
				730500C11D06CD3E0066522A /* Moya_JASONMapper_Tests.swift in Sources */,
			);
			runOnlyForDeploymentPostprocessing = 0;
		};
/* End PBXSourcesBuildPhase section */

/* Begin PBXTargetDependency section */
		730500C41D06CD3E0066522A /* PBXTargetDependency */ = {
			isa = PBXTargetDependency;
			target = 607FACCF1AFB9204008FA782 /* Moya-JASONMapper_Example */;
			targetProxy = 730500C31D06CD3E0066522A /* PBXContainerItemProxy */;
		};
/* End PBXTargetDependency section */

/* Begin PBXVariantGroup section */
		607FACD91AFB9204008FA782 /* Main.storyboard */ = {
			isa = PBXVariantGroup;
			children = (
				607FACDA1AFB9204008FA782 /* Base */,
			);
			name = Main.storyboard;
			sourceTree = "<group>";
		};
		607FACDE1AFB9204008FA782 /* LaunchScreen.xib */ = {
			isa = PBXVariantGroup;
			children = (
				607FACDF1AFB9204008FA782 /* Base */,
			);
			name = LaunchScreen.xib;
			sourceTree = "<group>";
		};
/* End PBXVariantGroup section */

/* Begin XCBuildConfiguration section */
		607FACED1AFB9204008FA782 /* Debug */ = {
			isa = XCBuildConfiguration;
			buildSettings = {
				ALWAYS_SEARCH_USER_PATHS = NO;
				CLANG_CXX_LANGUAGE_STANDARD = "gnu++0x";
				CLANG_CXX_LIBRARY = "libc++";
				CLANG_ENABLE_MODULES = YES;
				CLANG_ENABLE_OBJC_ARC = YES;
				CLANG_WARN_BOOL_CONVERSION = YES;
				CLANG_WARN_CONSTANT_CONVERSION = YES;
				CLANG_WARN_DIRECT_OBJC_ISA_USAGE = YES_ERROR;
				CLANG_WARN_EMPTY_BODY = YES;
				CLANG_WARN_ENUM_CONVERSION = YES;
				CLANG_WARN_INFINITE_RECURSION = YES;
				CLANG_WARN_INT_CONVERSION = YES;
				CLANG_WARN_OBJC_ROOT_CLASS = YES_ERROR;
				CLANG_WARN_SUSPICIOUS_MOVE = YES;
				CLANG_WARN_UNREACHABLE_CODE = YES;
				CLANG_WARN__DUPLICATE_METHOD_MATCH = YES;
				"CODE_SIGN_IDENTITY[sdk=iphoneos*]" = "iPhone Developer";
				COPY_PHASE_STRIP = NO;
				DEBUG_INFORMATION_FORMAT = "dwarf-with-dsym";
				ENABLE_STRICT_OBJC_MSGSEND = YES;
				ENABLE_TESTABILITY = YES;
				GCC_C_LANGUAGE_STANDARD = gnu99;
				GCC_DYNAMIC_NO_PIC = NO;
				GCC_NO_COMMON_BLOCKS = YES;
				GCC_OPTIMIZATION_LEVEL = 0;
				GCC_PREPROCESSOR_DEFINITIONS = (
					"DEBUG=1",
					"$(inherited)",
				);
				GCC_SYMBOLS_PRIVATE_EXTERN = NO;
				GCC_WARN_64_TO_32_BIT_CONVERSION = YES;
				GCC_WARN_ABOUT_RETURN_TYPE = YES_ERROR;
				GCC_WARN_UNDECLARED_SELECTOR = YES;
				GCC_WARN_UNINITIALIZED_AUTOS = YES_AGGRESSIVE;
				GCC_WARN_UNUSED_FUNCTION = YES;
				GCC_WARN_UNUSED_VARIABLE = YES;
				IPHONEOS_DEPLOYMENT_TARGET = 9.0;
				MTL_ENABLE_DEBUG_INFO = YES;
				ONLY_ACTIVE_ARCH = YES;
				SDKROOT = iphoneos;
				SWIFT_OPTIMIZATION_LEVEL = "-Onone";
				SWIFT_VERSION = 2.3;
			};
			name = Debug;
		};
		607FACEE1AFB9204008FA782 /* Release */ = {
			isa = XCBuildConfiguration;
			buildSettings = {
				ALWAYS_SEARCH_USER_PATHS = NO;
				CLANG_CXX_LANGUAGE_STANDARD = "gnu++0x";
				CLANG_CXX_LIBRARY = "libc++";
				CLANG_ENABLE_MODULES = YES;
				CLANG_ENABLE_OBJC_ARC = YES;
				CLANG_WARN_BOOL_CONVERSION = YES;
				CLANG_WARN_CONSTANT_CONVERSION = YES;
				CLANG_WARN_DIRECT_OBJC_ISA_USAGE = YES_ERROR;
				CLANG_WARN_EMPTY_BODY = YES;
				CLANG_WARN_ENUM_CONVERSION = YES;
				CLANG_WARN_INFINITE_RECURSION = YES;
				CLANG_WARN_INT_CONVERSION = YES;
				CLANG_WARN_OBJC_ROOT_CLASS = YES_ERROR;
				CLANG_WARN_SUSPICIOUS_MOVE = YES;
				CLANG_WARN_UNREACHABLE_CODE = YES;
				CLANG_WARN__DUPLICATE_METHOD_MATCH = YES;
				"CODE_SIGN_IDENTITY[sdk=iphoneos*]" = "iPhone Developer";
				COPY_PHASE_STRIP = NO;
				DEBUG_INFORMATION_FORMAT = "dwarf-with-dsym";
				ENABLE_NS_ASSERTIONS = NO;
				ENABLE_STRICT_OBJC_MSGSEND = YES;
				GCC_C_LANGUAGE_STANDARD = gnu99;
				GCC_NO_COMMON_BLOCKS = YES;
				GCC_WARN_64_TO_32_BIT_CONVERSION = YES;
				GCC_WARN_ABOUT_RETURN_TYPE = YES_ERROR;
				GCC_WARN_UNDECLARED_SELECTOR = YES;
				GCC_WARN_UNINITIALIZED_AUTOS = YES_AGGRESSIVE;
				GCC_WARN_UNUSED_FUNCTION = YES;
				GCC_WARN_UNUSED_VARIABLE = YES;
				IPHONEOS_DEPLOYMENT_TARGET = 9.0;
				MTL_ENABLE_DEBUG_INFO = NO;
				SDKROOT = iphoneos;
				SWIFT_OPTIMIZATION_LEVEL = "-Owholemodule";
				SWIFT_VERSION = 2.3;
				VALIDATE_PRODUCT = YES;
			};
			name = Release;
		};
		607FACF01AFB9204008FA782 /* Debug */ = {
			isa = XCBuildConfiguration;
			baseConfigurationReference = 857A40ED9F46FD9CA6E66A0A /* Pods-Moya-JASONMapper_Example.debug.xcconfig */;
			buildSettings = {
				ALWAYS_EMBED_SWIFT_STANDARD_LIBRARIES = YES;
				ASSETCATALOG_COMPILER_APPICON_NAME = AppIcon;
				INFOPLIST_FILE = "Moya-JASONMapper/Info.plist";
				LD_RUNPATH_SEARCH_PATHS = "$(inherited) @executable_path/Frameworks";
				MODULE_NAME = ExampleApp;
				PRODUCT_BUNDLE_IDENTIFIER = "org.cocoapods.demo.$(PRODUCT_NAME:rfc1034identifier)";
				PRODUCT_NAME = "$(TARGET_NAME)";
				SWIFT_VERSION = 3.0;
			};
			name = Debug;
		};
		607FACF11AFB9204008FA782 /* Release */ = {
			isa = XCBuildConfiguration;
			baseConfigurationReference = 8E2B5B6FBF1BB18DEF9A6ED5 /* Pods-Moya-JASONMapper_Example.release.xcconfig */;
			buildSettings = {
				ALWAYS_EMBED_SWIFT_STANDARD_LIBRARIES = YES;
				ASSETCATALOG_COMPILER_APPICON_NAME = AppIcon;
				INFOPLIST_FILE = "Moya-JASONMapper/Info.plist";
				LD_RUNPATH_SEARCH_PATHS = "$(inherited) @executable_path/Frameworks";
				MODULE_NAME = ExampleApp;
				PRODUCT_BUNDLE_IDENTIFIER = "org.cocoapods.demo.$(PRODUCT_NAME:rfc1034identifier)";
				PRODUCT_NAME = "$(TARGET_NAME)";
				SWIFT_VERSION = 3.0;
			};
			name = Release;
		};
		730500C61D06CD3E0066522A /* Debug */ = {
			isa = XCBuildConfiguration;
			baseConfigurationReference = 72DF38832FBBB0F14417586E /* Pods-Moya-JASONMapper_Tests.debug.xcconfig */;
			buildSettings = {
				ALWAYS_EMBED_SWIFT_STANDARD_LIBRARIES = YES;
				BUNDLE_LOADER = "$(TEST_HOST)";
				CLANG_ANALYZER_NONNULL = YES;
				DEBUG_INFORMATION_FORMAT = dwarf;
				INFOPLIST_FILE = "Moya-JASONMapper_Tests/Info.plist";
				IPHONEOS_DEPLOYMENT_TARGET = 9.3;
				LD_RUNPATH_SEARCH_PATHS = "$(inherited) @executable_path/Frameworks @loader_path/Frameworks";
				PRODUCT_BUNDLE_IDENTIFIER = "com.alee.Moya-JASONMapper-Tests";
				PRODUCT_NAME = "$(TARGET_NAME)";
				SWIFT_VERSION = 3.0;
				TEST_HOST = "$(BUILT_PRODUCTS_DIR)/Moya-JASONMapper_Example.app/Moya-JASONMapper_Example";
			};
			name = Debug;
		};
		730500C71D06CD3E0066522A /* Release */ = {
			isa = XCBuildConfiguration;
			baseConfigurationReference = 1A0EAF5ED5D3D409C233EABC /* Pods-Moya-JASONMapper_Tests.release.xcconfig */;
			buildSettings = {
				ALWAYS_EMBED_SWIFT_STANDARD_LIBRARIES = YES;
				BUNDLE_LOADER = "$(TEST_HOST)";
				CLANG_ANALYZER_NONNULL = YES;
				INFOPLIST_FILE = "Moya-JASONMapper_Tests/Info.plist";
				IPHONEOS_DEPLOYMENT_TARGET = 9.3;
				LD_RUNPATH_SEARCH_PATHS = "$(inherited) @executable_path/Frameworks @loader_path/Frameworks";
				PRODUCT_BUNDLE_IDENTIFIER = "com.alee.Moya-JASONMapper-Tests";
				PRODUCT_NAME = "$(TARGET_NAME)";
				SWIFT_VERSION = 3.0;
				TEST_HOST = "$(BUILT_PRODUCTS_DIR)/Moya-JASONMapper_Example.app/Moya-JASONMapper_Example";
			};
			name = Release;
		};
/* End XCBuildConfiguration section */

/* Begin XCConfigurationList section */
		607FACCB1AFB9204008FA782 /* Build configuration list for PBXProject "Moya-JASONMapper" */ = {
			isa = XCConfigurationList;
			buildConfigurations = (
				607FACED1AFB9204008FA782 /* Debug */,
				607FACEE1AFB9204008FA782 /* Release */,
			);
			defaultConfigurationIsVisible = 0;
			defaultConfigurationName = Release;
		};
		607FACEF1AFB9204008FA782 /* Build configuration list for PBXNativeTarget "Moya-JASONMapper_Example" */ = {
			isa = XCConfigurationList;
			buildConfigurations = (
				607FACF01AFB9204008FA782 /* Debug */,
				607FACF11AFB9204008FA782 /* Release */,
			);
			defaultConfigurationIsVisible = 0;
			defaultConfigurationName = Release;
		};
		730500C51D06CD3E0066522A /* Build configuration list for PBXNativeTarget "Moya-JASONMapper_Tests" */ = {
			isa = XCConfigurationList;
			buildConfigurations = (
				730500C61D06CD3E0066522A /* Debug */,
				730500C71D06CD3E0066522A /* Release */,
			);
			defaultConfigurationIsVisible = 0;
			defaultConfigurationName = Release;
		};
/* End XCConfigurationList section */
	};
	rootObject = 607FACC81AFB9204008FA782 /* Project object */;
}
